// !$*UTF8*$!
{
	archiveVersion = 1;
	classes = {
	};
	objectVersion = 50;
	objects = {

/* Begin PBXBuildFile section */
		B400867221C951CF00134DB9 /* NewsCell.swift in Sources */ = {isa = PBXBuildFile; fileRef = B400867121C951CF00134DB9 /* NewsCell.swift */; };
		B400867821C95F2100134DB9 /* NewsCell.xib in Resources */ = {isa = PBXBuildFile; fileRef = B400867621C95F2100134DB9 /* NewsCell.xib */; };
		B419633421EDE94800FF6E39 /* PickSecurityVC.swift in Sources */ = {isa = PBXBuildFile; fileRef = B419633321EDE94800FF6E39 /* PickSecurityVC.swift */; };
		B419634321EE201600FF6E39 /* MarketViewCell.xib in Resources */ = {isa = PBXBuildFile; fileRef = B419634121EE201600FF6E39 /* MarketViewCell.xib */; };
		B419634521EE3E2300FF6E39 /* OrderViewModel.swift in Sources */ = {isa = PBXBuildFile; fileRef = B419634421EE3E2300FF6E39 /* OrderViewModel.swift */; };
		B419634721EE3F3600FF6E39 /* OrderRequest.swift in Sources */ = {isa = PBXBuildFile; fileRef = B419634621EE3F3600FF6E39 /* OrderRequest.swift */; };
		B419634A21EF300900FF6E39 /* OpenOrderVC.swift in Sources */ = {isa = PBXBuildFile; fileRef = B419634821EF300900FF6E39 /* OpenOrderVC.swift */; };
		B419634B21EF300900FF6E39 /* OpenOrderCell.xib in Resources */ = {isa = PBXBuildFile; fileRef = B419634921EF300900FF6E39 /* OpenOrderCell.xib */; };
		B419634D21EF35F100FF6E39 /* OpenOrderCell.swift in Sources */ = {isa = PBXBuildFile; fileRef = B419634C21EF35F100FF6E39 /* OpenOrderCell.swift */; };
		B419634F21EF3A5B00FF6E39 /* AllOrder.swift in Sources */ = {isa = PBXBuildFile; fileRef = B419634E21EF3A5B00FF6E39 /* AllOrder.swift */; };
		B42452C3219F719300820952 /* Constants.swift in Sources */ = {isa = PBXBuildFile; fileRef = B42452C2219F719300820952 /* Constants.swift */; };
		B431FDDC21F897D000D7D5D7 /* AuthenticateView.swift in Sources */ = {isa = PBXBuildFile; fileRef = B431FDDB21F897D000D7D5D7 /* AuthenticateView.swift */; };
		B431FDDE21F8980300D7D5D7 /* AuthenticateView.xib in Resources */ = {isa = PBXBuildFile; fileRef = B431FDDD21F8980300D7D5D7 /* AuthenticateView.xib */; };
		B44AF9BD22005E2F005D1EF9 /* TransHistoryVC.swift in Sources */ = {isa = PBXBuildFile; fileRef = B44AF9BC22005E2F005D1EF9 /* TransHistoryVC.swift */; };
		B44AF9BF220064EB005D1EF9 /* TransactionLog.swift in Sources */ = {isa = PBXBuildFile; fileRef = B44AF9BE220064EB005D1EF9 /* TransactionLog.swift */; };
		B456E72721B9743B00D06356 /* AccountViewController.swift in Sources */ = {isa = PBXBuildFile; fileRef = B456E72621B9743B00D06356 /* AccountViewController.swift */; };
		B456E72921B9745A00D06356 /* OrderViewController.swift in Sources */ = {isa = PBXBuildFile; fileRef = B456E72821B9745A00D06356 /* OrderViewController.swift */; };
		B456E72B21B9747F00D06356 /* StockViewController.swift in Sources */ = {isa = PBXBuildFile; fileRef = B456E72A21B9747F00D06356 /* StockViewController.swift */; };
		B458987A21F5D2CC0081EAC6 /* CardView.xib in Resources */ = {isa = PBXBuildFile; fileRef = B458987921F5D2CC0081EAC6 /* CardView.xib */; };
		B458987C21F5D2ED0081EAC6 /* SummaryView.xib in Resources */ = {isa = PBXBuildFile; fileRef = B458987B21F5D2ED0081EAC6 /* SummaryView.xib */; };
		B458987E21F5D9C10081EAC6 /* PaystackPaymentLauncher.swift in Sources */ = {isa = PBXBuildFile; fileRef = B458987D21F5D9C10081EAC6 /* PaystackPaymentLauncher.swift */; };
		B458988021F5DBF80081EAC6 /* CardView.swift in Sources */ = {isa = PBXBuildFile; fileRef = B458987F21F5DBF80081EAC6 /* CardView.swift */; };
		B458988321F5DC2A0081EAC6 /* SummaryView.swift in Sources */ = {isa = PBXBuildFile; fileRef = B458988221F5DC2A0081EAC6 /* SummaryView.swift */; };
		B458988621F757B40081EAC6 /* CashTextFieldDelegate.swift in Sources */ = {isa = PBXBuildFile; fileRef = B458988521F757B40081EAC6 /* CashTextFieldDelegate.swift */; };
		B458988821F75CE10081EAC6 /* ExpiryDateTextDelegate.swift in Sources */ = {isa = PBXBuildFile; fileRef = B458988721F75CE10081EAC6 /* ExpiryDateTextDelegate.swift */; };
		B458988A21F782440081EAC6 /* CardNumberTextFieldDelegate.swift in Sources */ = {isa = PBXBuildFile; fileRef = B458988921F782440081EAC6 /* CardNumberTextFieldDelegate.swift */; };
		B46A731521C7EF520088D2D0 /* MarketViewController.swift in Sources */ = {isa = PBXBuildFile; fileRef = B46A731421C7EF520088D2D0 /* MarketViewController.swift */; };
		B4781B4F21FF0EAF00891458 /* CustomBannerColors.swift in Sources */ = {isa = PBXBuildFile; fileRef = B4781B4E21FF0EAF00891458 /* CustomBannerColors.swift */; };
		B479657321C2B2BF00EC1DF3 /* HomeViewController.swift in Sources */ = {isa = PBXBuildFile; fileRef = B479657221C2B2BF00EC1DF3 /* HomeViewController.swift */; };
		B479657621C2B30000EC1DF3 /* HomeViewModel.swift in Sources */ = {isa = PBXBuildFile; fileRef = B479657521C2B30000EC1DF3 /* HomeViewModel.swift */; };
		B479657821C2B41D00EC1DF3 /* RankingCell.swift in Sources */ = {isa = PBXBuildFile; fileRef = B479657721C2B41D00EC1DF3 /* RankingCell.swift */; };
		B479657A21C362A800EC1DF3 /* HomeRequest.swift in Sources */ = {isa = PBXBuildFile; fileRef = B479657921C362A800EC1DF3 /* HomeRequest.swift */; };
		B479657C21C367CB00EC1DF3 /* Ranking.swift in Sources */ = {isa = PBXBuildFile; fileRef = B479657B21C367CB00EC1DF3 /* Ranking.swift */; };
		B479657E21C367E000EC1DF3 /* FinancialNews.swift in Sources */ = {isa = PBXBuildFile; fileRef = B479657D21C367E000EC1DF3 /* FinancialNews.swift */; };
		B483BA2621B6AF64004AF85C /* BottomTabController.swift in Sources */ = {isa = PBXBuildFile; fileRef = B483BA2521B6AF64004AF85C /* BottomTabController.swift */; };
		B483BA2821B6D292004AF85C /* Dialog.storyboard in Resources */ = {isa = PBXBuildFile; fileRef = B483BA2721B6D292004AF85C /* Dialog.storyboard */; };
		B483BA2A21B6D2B2004AF85C /* Main.storyboard in Resources */ = {isa = PBXBuildFile; fileRef = B483BA2921B6D2B2004AF85C /* Main.storyboard */; };
		B490AE7221A8404800A23AFD /* Extension.swift in Sources */ = {isa = PBXBuildFile; fileRef = B490AE7121A8404800A23AFD /* Extension.swift */; };
		B4AD17E921CD005500DA4B40 /* StockViewModel.swift in Sources */ = {isa = PBXBuildFile; fileRef = B4AD17E821CD005500DA4B40 /* StockViewModel.swift */; };
		B4AD17ED21CD057600DA4B40 /* StockRecord.swift in Sources */ = {isa = PBXBuildFile; fileRef = B4AD17EC21CD057600DA4B40 /* StockRecord.swift */; };
		B4AD17EF21CD346900DA4B40 /* StockCell.swift in Sources */ = {isa = PBXBuildFile; fileRef = B4AD17EE21CD346900DA4B40 /* StockCell.swift */; };
		B4AD17F121CD4F5000DA4B40 /* MarketViewCell.swift in Sources */ = {isa = PBXBuildFile; fileRef = B4AD17F021CD4F5000DA4B40 /* MarketViewCell.swift */; };
		B4BFC9E821E8DC95009E9A08 /* BuySellDialogVC.swift in Sources */ = {isa = PBXBuildFile; fileRef = B4BFC9E721E8DC95009E9A08 /* BuySellDialogVC.swift */; };
		B4BFC9EA21E8E88A009E9A08 /* MarketViewController+alertControllers.swift in Sources */ = {isa = PBXBuildFile; fileRef = B4BFC9E921E8E889009E9A08 /* MarketViewController+alertControllers.swift */; };
		B4C4286921F09B0400CB551D /* SecurityVC.swift in Sources */ = {isa = PBXBuildFile; fileRef = B4C4286821F09B0400CB551D /* SecurityVC.swift */; };
		B4C4286B21F09B2300CB551D /* SupportVC.swift in Sources */ = {isa = PBXBuildFile; fileRef = B4C4286A21F09B2300CB551D /* SupportVC.swift */; };
		B4C4286D21F09B6400CB551D /* SettingsVC.swift in Sources */ = {isa = PBXBuildFile; fileRef = B4C4286C21F09B6400CB551D /* SettingsVC.swift */; };
		B4C4287121F0A1EB00CB551D /* AccountRequest.swift in Sources */ = {isa = PBXBuildFile; fileRef = B4C4287021F0A1EB00CB551D /* AccountRequest.swift */; };
		B4C4287321F0AD4B00CB551D /* AccountViewModel.swift in Sources */ = {isa = PBXBuildFile; fileRef = B4C4287221F0AD4B00CB551D /* AccountViewModel.swift */; };
		B4C99BF021A713240041F48D /* SignUpViewController.swift in Sources */ = {isa = PBXBuildFile; fileRef = B4C99BEF21A713240041F48D /* SignUpViewController.swift */; };
		B4CE427821B543BF001E4B3D /* AuthResponse.swift in Sources */ = {isa = PBXBuildFile; fileRef = B4CE427721B543BF001E4B3D /* AuthResponse.swift */; };
		B4CE427A21B5528A001E4B3D /* Profile.swift in Sources */ = {isa = PBXBuildFile; fileRef = B4CE427921B5528A001E4B3D /* Profile.swift */; };
		B4CE427C21B5CCDD001E4B3D /* UserKeychainAccess.swift in Sources */ = {isa = PBXBuildFile; fileRef = B4CE427B21B5CCDD001E4B3D /* UserKeychainAccess.swift */; };
		B4D316A621E8AD5B00D9CDBF /* SetPriceAlertVC.swift in Sources */ = {isa = PBXBuildFile; fileRef = B4D316A521E8AD5B00D9CDBF /* SetPriceAlertVC.swift */; };
		B4D5934D21ADF7C0006F166A /* OnBoardingViewModel.swift in Sources */ = {isa = PBXBuildFile; fileRef = B4D5934C21ADF7C0006F166A /* OnBoardingViewModel.swift */; };
		B4D5934F21AEFF4C006F166A /* UserRequest.swift in Sources */ = {isa = PBXBuildFile; fileRef = B4D5934E21AEFF4C006F166A /* UserRequest.swift */; };
		B4DF0E8F2195906500966FDA /* AppDelegate.swift in Sources */ = {isa = PBXBuildFile; fileRef = B4DF0E8E2195906500966FDA /* AppDelegate.swift */; };
		B4DF0E912195906500966FDA /* LoginViewController.swift in Sources */ = {isa = PBXBuildFile; fileRef = B4DF0E902195906500966FDA /* LoginViewController.swift */; };
		B4DF0E942195906500966FDA /* OnBoard.storyboard in Resources */ = {isa = PBXBuildFile; fileRef = B4DF0E922195906500966FDA /* OnBoard.storyboard */; };
		B4DF0E972195906500966FDA /* Catss_ios.xcdatamodeld in Sources */ = {isa = PBXBuildFile; fileRef = B4DF0E952195906500966FDA /* Catss_ios.xcdatamodeld */; };
		B4DF0E992195906B00966FDA /* Assets.xcassets in Resources */ = {isa = PBXBuildFile; fileRef = B4DF0E982195906B00966FDA /* Assets.xcassets */; };
		B4DF0E9C2195906B00966FDA /* LaunchScreen.storyboard in Resources */ = {isa = PBXBuildFile; fileRef = B4DF0E9A2195906B00966FDA /* LaunchScreen.storyboard */; };
		B4E3EB3D21E36BCE003C3014 /* MarketSecurity.swift in Sources */ = {isa = PBXBuildFile; fileRef = B4E3EB3C21E36BCE003C3014 /* MarketSecurity.swift */; };
		B4E3EB3F21E377FF003C3014 /* MarketViewModel.swift in Sources */ = {isa = PBXBuildFile; fileRef = B4E3EB3E21E377FF003C3014 /* MarketViewModel.swift */; };
		B4E3EB4121E37911003C3014 /* MarketRequest.swift in Sources */ = {isa = PBXBuildFile; fileRef = B4E3EB4021E37911003C3014 /* MarketRequest.swift */; };
		B4E51BFF21A5C6C5000AE67B /* BorderTextField.swift in Sources */ = {isa = PBXBuildFile; fileRef = B4E51BFE21A5C6C5000AE67B /* BorderTextField.swift */; };
		B4E51C0121A5D00C000AE67B /* BorderButton.swift in Sources */ = {isa = PBXBuildFile; fileRef = B4E51C0021A5D00C000AE67B /* BorderButton.swift */; };
		B4F44C9121CB8E83007C542F /* StockIndexCell.swift in Sources */ = {isa = PBXBuildFile; fileRef = B4F44C8F21CB8E83007C542F /* StockIndexCell.swift */; };
		B4F44C9221CB8E83007C542F /* StockIndexCell.xib in Resources */ = {isa = PBXBuildFile; fileRef = B4F44C9021CB8E83007C542F /* StockIndexCell.xib */; };
		B4F44C9421CB96B8007C542F /* StockIndex.swift in Sources */ = {isa = PBXBuildFile; fileRef = B4F44C9321CB96B8007C542F /* StockIndex.swift */; };
		E93FCD80F91F35F41ACB0953 /* Pods_Catss_ios.framework in Frameworks */ = {isa = PBXBuildFile; fileRef = BA5F4B7F4DD3E0164138E4E6 /* Pods_Catss_ios.framework */; };
/* End PBXBuildFile section */

/* Begin PBXFileReference section */
		1514B13D2E005A56A275121E /* Pods_Catss_iosUITests.framework */ = {isa = PBXFileReference; explicitFileType = wrapper.framework; includeInIndex = 0; path = Pods_Catss_iosUITests.framework; sourceTree = BUILT_PRODUCTS_DIR; };
		42F663F37C8076AFCDEE34E5 /* Pods-Catss-ios.release.xcconfig */ = {isa = PBXFileReference; includeInIndex = 1; lastKnownFileType = text.xcconfig; name = "Pods-Catss-ios.release.xcconfig"; path = "Pods/Target Support Files/Pods-Catss-ios/Pods-Catss-ios.release.xcconfig"; sourceTree = "<group>"; };
		4685A00B23F86A1BEE8E6971 /* Pods-Catss-ios.debug.xcconfig */ = {isa = PBXFileReference; includeInIndex = 1; lastKnownFileType = text.xcconfig; name = "Pods-Catss-ios.debug.xcconfig"; path = "Pods/Target Support Files/Pods-Catss-ios/Pods-Catss-ios.debug.xcconfig"; sourceTree = "<group>"; };
		4F068DE3CA46F947176F0602 /* Pods-Catss-iosTests.release.xcconfig */ = {isa = PBXFileReference; includeInIndex = 1; lastKnownFileType = text.xcconfig; name = "Pods-Catss-iosTests.release.xcconfig"; path = "Pods/Target Support Files/Pods-Catss-iosTests/Pods-Catss-iosTests.release.xcconfig"; sourceTree = "<group>"; };
		58AF11DE3A7CB84EE62183D9 /* Pods_Catss_iosTests.framework */ = {isa = PBXFileReference; explicitFileType = wrapper.framework; includeInIndex = 0; path = Pods_Catss_iosTests.framework; sourceTree = BUILT_PRODUCTS_DIR; };
		63B14C7B2A7C20E1F4EBA5AC /* Pods-Catss-iosTests.debug.xcconfig */ = {isa = PBXFileReference; includeInIndex = 1; lastKnownFileType = text.xcconfig; name = "Pods-Catss-iosTests.debug.xcconfig"; path = "Pods/Target Support Files/Pods-Catss-iosTests/Pods-Catss-iosTests.debug.xcconfig"; sourceTree = "<group>"; };
		9B763DDE976FD302044B4621 /* Pods-Catss-iosUITests.debug.xcconfig */ = {isa = PBXFileReference; includeInIndex = 1; lastKnownFileType = text.xcconfig; name = "Pods-Catss-iosUITests.debug.xcconfig"; path = "Pods/Target Support Files/Pods-Catss-iosUITests/Pods-Catss-iosUITests.debug.xcconfig"; sourceTree = "<group>"; };
		9F9F27483176E699D7198525 /* Pods-Catss-iosUITests.release.xcconfig */ = {isa = PBXFileReference; includeInIndex = 1; lastKnownFileType = text.xcconfig; name = "Pods-Catss-iosUITests.release.xcconfig"; path = "Pods/Target Support Files/Pods-Catss-iosUITests/Pods-Catss-iosUITests.release.xcconfig"; sourceTree = "<group>"; };
		B400867121C951CF00134DB9 /* NewsCell.swift */ = {isa = PBXFileReference; lastKnownFileType = sourcecode.swift; path = NewsCell.swift; sourceTree = "<group>"; };
		B400867621C95F2100134DB9 /* NewsCell.xib */ = {isa = PBXFileReference; lastKnownFileType = file.xib; path = NewsCell.xib; sourceTree = "<group>"; };
		B419633321EDE94800FF6E39 /* PickSecurityVC.swift */ = {isa = PBXFileReference; lastKnownFileType = sourcecode.swift; path = PickSecurityVC.swift; sourceTree = "<group>"; };
		B419634121EE201600FF6E39 /* MarketViewCell.xib */ = {isa = PBXFileReference; lastKnownFileType = file.xib; path = MarketViewCell.xib; sourceTree = "<group>"; };
		B419634421EE3E2300FF6E39 /* OrderViewModel.swift */ = {isa = PBXFileReference; lastKnownFileType = sourcecode.swift; path = OrderViewModel.swift; sourceTree = "<group>"; };
		B419634621EE3F3600FF6E39 /* OrderRequest.swift */ = {isa = PBXFileReference; lastKnownFileType = sourcecode.swift; path = OrderRequest.swift; sourceTree = "<group>"; };
		B419634821EF300900FF6E39 /* OpenOrderVC.swift */ = {isa = PBXFileReference; lastKnownFileType = sourcecode.swift; path = OpenOrderVC.swift; sourceTree = "<group>"; };
		B419634921EF300900FF6E39 /* OpenOrderCell.xib */ = {isa = PBXFileReference; lastKnownFileType = file.xib; path = OpenOrderCell.xib; sourceTree = "<group>"; };
		B419634C21EF35F100FF6E39 /* OpenOrderCell.swift */ = {isa = PBXFileReference; lastKnownFileType = sourcecode.swift; path = OpenOrderCell.swift; sourceTree = "<group>"; };
		B419634E21EF3A5B00FF6E39 /* AllOrder.swift */ = {isa = PBXFileReference; lastKnownFileType = sourcecode.swift; path = AllOrder.swift; sourceTree = "<group>"; };
		B42452C2219F719300820952 /* Constants.swift */ = {isa = PBXFileReference; lastKnownFileType = sourcecode.swift; path = Constants.swift; sourceTree = "<group>"; };
		B431FDDB21F897D000D7D5D7 /* AuthenticateView.swift */ = {isa = PBXFileReference; lastKnownFileType = sourcecode.swift; path = AuthenticateView.swift; sourceTree = "<group>"; };
		B431FDDD21F8980300D7D5D7 /* AuthenticateView.xib */ = {isa = PBXFileReference; lastKnownFileType = file.xib; path = AuthenticateView.xib; sourceTree = "<group>"; };
		B44AF9BC22005E2F005D1EF9 /* TransHistoryVC.swift */ = {isa = PBXFileReference; lastKnownFileType = sourcecode.swift; path = TransHistoryVC.swift; sourceTree = "<group>"; };
		B44AF9BE220064EB005D1EF9 /* TransactionLog.swift */ = {isa = PBXFileReference; lastKnownFileType = sourcecode.swift; path = TransactionLog.swift; sourceTree = "<group>"; };
		B456E72621B9743B00D06356 /* AccountViewController.swift */ = {isa = PBXFileReference; lastKnownFileType = sourcecode.swift; path = AccountViewController.swift; sourceTree = "<group>"; };
		B456E72821B9745A00D06356 /* OrderViewController.swift */ = {isa = PBXFileReference; lastKnownFileType = sourcecode.swift; path = OrderViewController.swift; sourceTree = "<group>"; };
		B456E72A21B9747F00D06356 /* StockViewController.swift */ = {isa = PBXFileReference; lastKnownFileType = sourcecode.swift; path = StockViewController.swift; sourceTree = "<group>"; };
		B458987921F5D2CC0081EAC6 /* CardView.xib */ = {isa = PBXFileReference; lastKnownFileType = file.xib; path = CardView.xib; sourceTree = "<group>"; };
		B458987B21F5D2ED0081EAC6 /* SummaryView.xib */ = {isa = PBXFileReference; lastKnownFileType = file.xib; path = SummaryView.xib; sourceTree = "<group>"; };
		B458987D21F5D9C10081EAC6 /* PaystackPaymentLauncher.swift */ = {isa = PBXFileReference; lastKnownFileType = sourcecode.swift; path = PaystackPaymentLauncher.swift; sourceTree = "<group>"; };
		B458987F21F5DBF80081EAC6 /* CardView.swift */ = {isa = PBXFileReference; lastKnownFileType = sourcecode.swift; path = CardView.swift; sourceTree = "<group>"; };
		B458988221F5DC2A0081EAC6 /* SummaryView.swift */ = {isa = PBXFileReference; lastKnownFileType = sourcecode.swift; path = SummaryView.swift; sourceTree = "<group>"; };
		B458988521F757B40081EAC6 /* CashTextFieldDelegate.swift */ = {isa = PBXFileReference; lastKnownFileType = sourcecode.swift; path = CashTextFieldDelegate.swift; sourceTree = "<group>"; };
		B458988721F75CE10081EAC6 /* ExpiryDateTextDelegate.swift */ = {isa = PBXFileReference; lastKnownFileType = sourcecode.swift; path = ExpiryDateTextDelegate.swift; sourceTree = "<group>"; };
		B458988921F782440081EAC6 /* CardNumberTextFieldDelegate.swift */ = {isa = PBXFileReference; lastKnownFileType = sourcecode.swift; path = CardNumberTextFieldDelegate.swift; sourceTree = "<group>"; };
		B46A731421C7EF520088D2D0 /* MarketViewController.swift */ = {isa = PBXFileReference; lastKnownFileType = sourcecode.swift; path = MarketViewController.swift; sourceTree = "<group>"; };
		B4781B4E21FF0EAF00891458 /* CustomBannerColors.swift */ = {isa = PBXFileReference; lastKnownFileType = sourcecode.swift; path = CustomBannerColors.swift; sourceTree = "<group>"; };
		B479657221C2B2BF00EC1DF3 /* HomeViewController.swift */ = {isa = PBXFileReference; lastKnownFileType = sourcecode.swift; path = HomeViewController.swift; sourceTree = "<group>"; };
		B479657521C2B30000EC1DF3 /* HomeViewModel.swift */ = {isa = PBXFileReference; lastKnownFileType = sourcecode.swift; path = HomeViewModel.swift; sourceTree = "<group>"; };
		B479657721C2B41D00EC1DF3 /* RankingCell.swift */ = {isa = PBXFileReference; lastKnownFileType = sourcecode.swift; path = RankingCell.swift; sourceTree = "<group>"; };
		B479657921C362A800EC1DF3 /* HomeRequest.swift */ = {isa = PBXFileReference; lastKnownFileType = sourcecode.swift; path = HomeRequest.swift; sourceTree = "<group>"; };
		B479657B21C367CB00EC1DF3 /* Ranking.swift */ = {isa = PBXFileReference; lastKnownFileType = sourcecode.swift; path = Ranking.swift; sourceTree = "<group>"; };
		B479657D21C367E000EC1DF3 /* FinancialNews.swift */ = {isa = PBXFileReference; lastKnownFileType = sourcecode.swift; path = FinancialNews.swift; sourceTree = "<group>"; };
		B483BA2521B6AF64004AF85C /* BottomTabController.swift */ = {isa = PBXFileReference; lastKnownFileType = sourcecode.swift; path = BottomTabController.swift; sourceTree = "<group>"; };
		B483BA2721B6D292004AF85C /* Dialog.storyboard */ = {isa = PBXFileReference; lastKnownFileType = file.storyboard; path = Dialog.storyboard; sourceTree = "<group>"; };
		B483BA2921B6D2B2004AF85C /* Main.storyboard */ = {isa = PBXFileReference; lastKnownFileType = file.storyboard; path = Main.storyboard; sourceTree = "<group>"; };
		B490AE7121A8404800A23AFD /* Extension.swift */ = {isa = PBXFileReference; lastKnownFileType = sourcecode.swift; path = Extension.swift; sourceTree = "<group>"; };
		B4AD17E821CD005500DA4B40 /* StockViewModel.swift */ = {isa = PBXFileReference; lastKnownFileType = sourcecode.swift; path = StockViewModel.swift; sourceTree = "<group>"; };
		B4AD17EC21CD057600DA4B40 /* StockRecord.swift */ = {isa = PBXFileReference; lastKnownFileType = sourcecode.swift; path = StockRecord.swift; sourceTree = "<group>"; };
		B4AD17EE21CD346900DA4B40 /* StockCell.swift */ = {isa = PBXFileReference; lastKnownFileType = sourcecode.swift; path = StockCell.swift; sourceTree = "<group>"; };
		B4AD17F021CD4F5000DA4B40 /* MarketViewCell.swift */ = {isa = PBXFileReference; lastKnownFileType = sourcecode.swift; path = MarketViewCell.swift; sourceTree = "<group>"; };
		B4BFC9E721E8DC95009E9A08 /* BuySellDialogVC.swift */ = {isa = PBXFileReference; lastKnownFileType = sourcecode.swift; path = BuySellDialogVC.swift; sourceTree = "<group>"; };
		B4BFC9E921E8E889009E9A08 /* MarketViewController+alertControllers.swift */ = {isa = PBXFileReference; lastKnownFileType = sourcecode.swift; path = "MarketViewController+alertControllers.swift"; sourceTree = "<group>"; };
		B4C4286821F09B0400CB551D /* SecurityVC.swift */ = {isa = PBXFileReference; lastKnownFileType = sourcecode.swift; path = SecurityVC.swift; sourceTree = "<group>"; };
		B4C4286A21F09B2300CB551D /* SupportVC.swift */ = {isa = PBXFileReference; lastKnownFileType = sourcecode.swift; path = SupportVC.swift; sourceTree = "<group>"; };
		B4C4286C21F09B6400CB551D /* SettingsVC.swift */ = {isa = PBXFileReference; lastKnownFileType = sourcecode.swift; path = SettingsVC.swift; sourceTree = "<group>"; };
		B4C4287021F0A1EB00CB551D /* AccountRequest.swift */ = {isa = PBXFileReference; lastKnownFileType = sourcecode.swift; path = AccountRequest.swift; sourceTree = "<group>"; };
		B4C4287221F0AD4B00CB551D /* AccountViewModel.swift */ = {isa = PBXFileReference; lastKnownFileType = sourcecode.swift; path = AccountViewModel.swift; sourceTree = "<group>"; };
		B4C99BEF21A713240041F48D /* SignUpViewController.swift */ = {isa = PBXFileReference; lastKnownFileType = sourcecode.swift; path = SignUpViewController.swift; sourceTree = "<group>"; };
		B4CE427721B543BF001E4B3D /* AuthResponse.swift */ = {isa = PBXFileReference; lastKnownFileType = sourcecode.swift; path = AuthResponse.swift; sourceTree = "<group>"; };
		B4CE427921B5528A001E4B3D /* Profile.swift */ = {isa = PBXFileReference; lastKnownFileType = sourcecode.swift; path = Profile.swift; sourceTree = "<group>"; };
		B4CE427B21B5CCDD001E4B3D /* UserKeychainAccess.swift */ = {isa = PBXFileReference; lastKnownFileType = sourcecode.swift; path = UserKeychainAccess.swift; sourceTree = "<group>"; };
		B4D316A521E8AD5B00D9CDBF /* SetPriceAlertVC.swift */ = {isa = PBXFileReference; lastKnownFileType = sourcecode.swift; path = SetPriceAlertVC.swift; sourceTree = "<group>"; };
		B4D5934C21ADF7C0006F166A /* OnBoardingViewModel.swift */ = {isa = PBXFileReference; lastKnownFileType = sourcecode.swift; path = OnBoardingViewModel.swift; sourceTree = "<group>"; };
		B4D5934E21AEFF4C006F166A /* UserRequest.swift */ = {isa = PBXFileReference; lastKnownFileType = sourcecode.swift; path = UserRequest.swift; sourceTree = "<group>"; };
		B4DF0E8B2195906500966FDA /* Catss-ios.app */ = {isa = PBXFileReference; explicitFileType = wrapper.application; includeInIndex = 0; path = "Catss-ios.app"; sourceTree = BUILT_PRODUCTS_DIR; };
		B4DF0E8E2195906500966FDA /* AppDelegate.swift */ = {isa = PBXFileReference; lastKnownFileType = sourcecode.swift; path = AppDelegate.swift; sourceTree = "<group>"; };
		B4DF0E902195906500966FDA /* LoginViewController.swift */ = {isa = PBXFileReference; lastKnownFileType = sourcecode.swift; path = LoginViewController.swift; sourceTree = "<group>"; };
		B4DF0E932195906500966FDA /* Base */ = {isa = PBXFileReference; lastKnownFileType = file.storyboard; name = Base; path = Base.lproj/OnBoard.storyboard; sourceTree = "<group>"; };
		B4DF0E962195906500966FDA /* Catss_ios.xcdatamodel */ = {isa = PBXFileReference; lastKnownFileType = wrapper.xcdatamodel; path = Catss_ios.xcdatamodel; sourceTree = "<group>"; };
		B4DF0E982195906B00966FDA /* Assets.xcassets */ = {isa = PBXFileReference; lastKnownFileType = folder.assetcatalog; path = Assets.xcassets; sourceTree = "<group>"; };
		B4DF0E9B2195906B00966FDA /* Base */ = {isa = PBXFileReference; lastKnownFileType = file.storyboard; name = Base; path = Base.lproj/LaunchScreen.storyboard; sourceTree = "<group>"; };
		B4DF0E9D2195906B00966FDA /* Info.plist */ = {isa = PBXFileReference; lastKnownFileType = text.plist.xml; path = Info.plist; sourceTree = "<group>"; };
		B4E3EB3C21E36BCE003C3014 /* MarketSecurity.swift */ = {isa = PBXFileReference; lastKnownFileType = sourcecode.swift; path = MarketSecurity.swift; sourceTree = "<group>"; };
		B4E3EB3E21E377FF003C3014 /* MarketViewModel.swift */ = {isa = PBXFileReference; lastKnownFileType = sourcecode.swift; path = MarketViewModel.swift; sourceTree = "<group>"; };
		B4E3EB4021E37911003C3014 /* MarketRequest.swift */ = {isa = PBXFileReference; lastKnownFileType = sourcecode.swift; path = MarketRequest.swift; sourceTree = "<group>"; };
		B4E51BFE21A5C6C5000AE67B /* BorderTextField.swift */ = {isa = PBXFileReference; lastKnownFileType = sourcecode.swift; path = BorderTextField.swift; sourceTree = "<group>"; };
		B4E51C0021A5D00C000AE67B /* BorderButton.swift */ = {isa = PBXFileReference; lastKnownFileType = sourcecode.swift; path = BorderButton.swift; sourceTree = "<group>"; };
		B4F44C8F21CB8E83007C542F /* StockIndexCell.swift */ = {isa = PBXFileReference; lastKnownFileType = sourcecode.swift; path = StockIndexCell.swift; sourceTree = "<group>"; };
		B4F44C9021CB8E83007C542F /* StockIndexCell.xib */ = {isa = PBXFileReference; lastKnownFileType = file.xib; path = StockIndexCell.xib; sourceTree = "<group>"; };
		B4F44C9321CB96B8007C542F /* StockIndex.swift */ = {isa = PBXFileReference; lastKnownFileType = sourcecode.swift; path = StockIndex.swift; sourceTree = "<group>"; };
		BA5F4B7F4DD3E0164138E4E6 /* Pods_Catss_ios.framework */ = {isa = PBXFileReference; explicitFileType = wrapper.framework; includeInIndex = 0; path = Pods_Catss_ios.framework; sourceTree = BUILT_PRODUCTS_DIR; };
/* End PBXFileReference section */

/* Begin PBXFrameworksBuildPhase section */
		B4DF0E882195906500966FDA /* Frameworks */ = {
			isa = PBXFrameworksBuildPhase;
			buildActionMask = 2147483647;
			files = (
				E93FCD80F91F35F41ACB0953 /* Pods_Catss_ios.framework in Frameworks */,
			);
			runOnlyForDeploymentPostprocessing = 0;
		};
/* End PBXFrameworksBuildPhase section */

/* Begin PBXGroup section */
		269FE1D86E5024EA6D8C136B /* Pods */ = {
			isa = PBXGroup;
			children = (
				4685A00B23F86A1BEE8E6971 /* Pods-Catss-ios.debug.xcconfig */,
				42F663F37C8076AFCDEE34E5 /* Pods-Catss-ios.release.xcconfig */,
				63B14C7B2A7C20E1F4EBA5AC /* Pods-Catss-iosTests.debug.xcconfig */,
				4F068DE3CA46F947176F0602 /* Pods-Catss-iosTests.release.xcconfig */,
				9B763DDE976FD302044B4621 /* Pods-Catss-iosUITests.debug.xcconfig */,
				9F9F27483176E699D7198525 /* Pods-Catss-iosUITests.release.xcconfig */,
			);
			name = Pods;
			sourceTree = "<group>";
		};
		5D6B43F0CB11A945DC87E2A4 /* Frameworks */ = {
			isa = PBXGroup;
			children = (
				BA5F4B7F4DD3E0164138E4E6 /* Pods_Catss_ios.framework */,
				58AF11DE3A7CB84EE62183D9 /* Pods_Catss_iosTests.framework */,
				1514B13D2E005A56A275121E /* Pods_Catss_iosUITests.framework */,
			);
			name = Frameworks;
			sourceTree = "<group>";
		};
		B419633921EE1E6100FF6E39 /* Order */ = {
			isa = PBXGroup;
			children = (
				B456E72821B9745A00D06356 /* OrderViewController.swift */,
				B419633321EDE94800FF6E39 /* PickSecurityVC.swift */,
				B419634421EE3E2300FF6E39 /* OrderViewModel.swift */,
				B419634821EF300900FF6E39 /* OpenOrderVC.swift */,
				B419634921EF300900FF6E39 /* OpenOrderCell.xib */,
				B419634C21EF35F100FF6E39 /* OpenOrderCell.swift */,
			);
			path = Order;
			sourceTree = "<group>";
		};
		B42452C1219F715700820952 /* Helper */ = {
			isa = PBXGroup;
			children = (
				B42452C2219F719300820952 /* Constants.swift */,
				B490AE7121A8404800A23AFD /* Extension.swift */,
				B4CE427B21B5CCDD001E4B3D /* UserKeychainAccess.swift */,
			);
			path = Helper;
			sourceTree = "<group>";
		};
		B431FDDF21F8981A00D7D5D7 /* AuthenticateView */ = {
			isa = PBXGroup;
			children = (
				B431FDDB21F897D000D7D5D7 /* AuthenticateView.swift */,
				B431FDDD21F8980300D7D5D7 /* AuthenticateView.xib */,
			);
			path = AuthenticateView;
			sourceTree = "<group>";
		};
		B458987821F5D2970081EAC6 /* Deposit */ = {
			isa = PBXGroup;
			children = (
				B458988121F5DC080081EAC6 /* CardView */,
				B458988421F5DC340081EAC6 /* Summary */,
				B458987D21F5D9C10081EAC6 /* PaystackPaymentLauncher.swift */,
			);
			path = Deposit;
			sourceTree = "<group>";
		};
		B458988121F5DC080081EAC6 /* CardView */ = {
			isa = PBXGroup;
			children = (
				B458987921F5D2CC0081EAC6 /* CardView.xib */,
				B458987F21F5DBF80081EAC6 /* CardView.swift */,
			);
			path = CardView;
			sourceTree = "<group>";
		};
		B458988421F5DC340081EAC6 /* Summary */ = {
			isa = PBXGroup;
			children = (
				B458987B21F5D2ED0081EAC6 /* SummaryView.xib */,
				B458988221F5DC2A0081EAC6 /* SummaryView.swift */,
			);
			path = Summary;
			sourceTree = "<group>";
		};
		B479657421C2B2D800EC1DF3 /* Home */ = {
			isa = PBXGroup;
			children = (
				B479657221C2B2BF00EC1DF3 /* HomeViewController.swift */,
				B479657521C2B30000EC1DF3 /* HomeViewModel.swift */,
				B400867121C951CF00134DB9 /* NewsCell.swift */,
				B400867621C95F2100134DB9 /* NewsCell.xib */,
				B4F44C8F21CB8E83007C542F /* StockIndexCell.swift */,
				B4F44C9021CB8E83007C542F /* StockIndexCell.xib */,
				B479657721C2B41D00EC1DF3 /* RankingCell.swift */,
			);
			name = Home;
			sourceTree = "<group>";
		};
		B4A7D4B521A3462A005B6A77 /* Common */ = {
			isa = PBXGroup;
			children = (
				B4DF0E9A2195906B00966FDA /* LaunchScreen.storyboard */,
				B4DF0E9D2195906B00966FDA /* Info.plist */,
				B4DF0E982195906B00966FDA /* Assets.xcassets */,
			);
			path = Common;
			sourceTree = "<group>";
		};
		B4A7D4B621A3463B005B6A77 /* App */ = {
			isa = PBXGroup;
			children = (
				B4C99BF121A71A5E0041F48D /* AppDelegate */,
				B4C99BF221A71B2D0041F48D /* CustomViews */,
			);
			path = App;
			sourceTree = "<group>";
		};
		B4A7D4B721A34651005B6A77 /* Network */ = {
			isa = PBXGroup;
			children = (
				B4D5934E21AEFF4C006F166A /* UserRequest.swift */,
				B479657921C362A800EC1DF3 /* HomeRequest.swift */,
				B4E3EB4021E37911003C3014 /* MarketRequest.swift */,
				B419634621EE3F3600FF6E39 /* OrderRequest.swift */,
				B4C4287021F0A1EB00CB551D /* AccountRequest.swift */,
			);
			path = Network;
			sourceTree = "<group>";
		};
		B4A7D4B821A34667005B6A77 /* Models */ = {
			isa = PBXGroup;
			children = (
				B4CE427721B543BF001E4B3D /* AuthResponse.swift */,
				B4CE427921B5528A001E4B3D /* Profile.swift */,
				B479657B21C367CB00EC1DF3 /* Ranking.swift */,
				B479657D21C367E000EC1DF3 /* FinancialNews.swift */,
				B4F44C9321CB96B8007C542F /* StockIndex.swift */,
				B4AD17EC21CD057600DA4B40 /* StockRecord.swift */,
				B4E3EB3C21E36BCE003C3014 /* MarketSecurity.swift */,
				B419634E21EF3A5B00FF6E39 /* AllOrder.swift */,
				B44AF9BE220064EB005D1EF9 /* TransactionLog.swift */,
			);
			path = Models;
			sourceTree = "<group>";
		};
		B4A7D4E821A54E6A005B6A77 /* MainModule */ = {
			isa = PBXGroup;
			children = (
				B4A7D4EA21A54F8C005B6A77 /* StoryBoards */,
				B4A7D4E921A54F6F005B6A77 /* ViewControllers */,
			);
			path = MainModule;
			sourceTree = "<group>";
		};
		B4A7D4E921A54F6F005B6A77 /* ViewControllers */ = {
			isa = PBXGroup;
			children = (
				B4D5934921ADEBBF006F166A /* OnBoarding */,
				B4D5934A21ADEBE2006F166A /* Main */,
				B4D5934B21ADEBFD006F166A /* Dialog */,
				B4C4286721F09AA400CB551D /* Account */,
				B4AD17E721CCFE6900DA4B40 /* Stock Balance */,
				B4AD17F221CD4F5D00DA4B40 /* Market */,
				B479657421C2B2D800EC1DF3 /* Home */,
				B419633921EE1E6100FF6E39 /* Order */,
			);
			path = ViewControllers;
			sourceTree = "<group>";
		};
		B4A7D4EA21A54F8C005B6A77 /* StoryBoards */ = {
			isa = PBXGroup;
			children = (
				B4DF0E922195906500966FDA /* OnBoard.storyboard */,
				B483BA2721B6D292004AF85C /* Dialog.storyboard */,
				B483BA2921B6D2B2004AF85C /* Main.storyboard */,
			);
			path = StoryBoards;
			sourceTree = "<group>";
		};
		B4AD17E721CCFE6900DA4B40 /* Stock Balance */ = {
			isa = PBXGroup;
			children = (
				B456E72A21B9747F00D06356 /* StockViewController.swift */,
				B4AD17E821CD005500DA4B40 /* StockViewModel.swift */,
				B44AF9BC22005E2F005D1EF9 /* TransHistoryVC.swift */,
				B4AD17EE21CD346900DA4B40 /* StockCell.swift */,
			);
			path = "Stock Balance";
			sourceTree = "<group>";
		};
		B4AD17F221CD4F5D00DA4B40 /* Market */ = {
			isa = PBXGroup;
			children = (
				B46A731421C7EF520088D2D0 /* MarketViewController.swift */,
				B4AD17F021CD4F5000DA4B40 /* MarketViewCell.swift */,
				B4E3EB3E21E377FF003C3014 /* MarketViewModel.swift */,
				B4BFC9E921E8E889009E9A08 /* MarketViewController+alertControllers.swift */,
				B419634121EE201600FF6E39 /* MarketViewCell.xib */,
			);
			path = Market;
			sourceTree = "<group>";
		};
		B4C4286721F09AA400CB551D /* Account */ = {
			isa = PBXGroup;
			children = (
				B458987821F5D2970081EAC6 /* Deposit */,
				B456E72621B9743B00D06356 /* AccountViewController.swift */,
				B431FDDF21F8981A00D7D5D7 /* AuthenticateView */,
				B4C4286821F09B0400CB551D /* SecurityVC.swift */,
				B4C4286A21F09B2300CB551D /* SupportVC.swift */,
				B4C4286C21F09B6400CB551D /* SettingsVC.swift */,
				B4C4287221F0AD4B00CB551D /* AccountViewModel.swift */,
			);
			path = Account;
			sourceTree = "<group>";
		};
		B4C99BF121A71A5E0041F48D /* AppDelegate */ = {
			isa = PBXGroup;
			children = (
				B4DF0E8E2195906500966FDA /* AppDelegate.swift */,
				B458988521F757B40081EAC6 /* CashTextFieldDelegate.swift */,
				B458988721F75CE10081EAC6 /* ExpiryDateTextDelegate.swift */,
				B458988921F782440081EAC6 /* CardNumberTextFieldDelegate.swift */,
			);
			name = AppDelegate;
			sourceTree = "<group>";
		};
		B4C99BF221A71B2D0041F48D /* CustomViews */ = {
			isa = PBXGroup;
			children = (
				B4E51BFE21A5C6C5000AE67B /* BorderTextField.swift */,
				B4E51C0021A5D00C000AE67B /* BorderButton.swift */,
				B4781B4E21FF0EAF00891458 /* CustomBannerColors.swift */,
			);
			name = CustomViews;
			sourceTree = "<group>";
		};
		B4D5934921ADEBBF006F166A /* OnBoarding */ = {
			isa = PBXGroup;
			children = (
				B4DF0E902195906500966FDA /* LoginViewController.swift */,
				B4C99BEF21A713240041F48D /* SignUpViewController.swift */,
				B4D5934C21ADF7C0006F166A /* OnBoardingViewModel.swift */,
			);
			path = OnBoarding;
			sourceTree = "<group>";
		};
		B4D5934A21ADEBE2006F166A /* Main */ = {
			isa = PBXGroup;
			children = (
				B483BA2521B6AF64004AF85C /* BottomTabController.swift */,
			);
			path = Main;
			sourceTree = "<group>";
		};
		B4D5934B21ADEBFD006F166A /* Dialog */ = {
			isa = PBXGroup;
			children = (
				B4D316A521E8AD5B00D9CDBF /* SetPriceAlertVC.swift */,
				B4BFC9E721E8DC95009E9A08 /* BuySellDialogVC.swift */,
			);
			path = Dialog;
			sourceTree = "<group>";
		};
		B4DF0E822195906500966FDA = {
			isa = PBXGroup;
			children = (
				B4DF0E8D2195906500966FDA /* Catss-ios */,
				B4DF0E8C2195906500966FDA /* Products */,
				269FE1D86E5024EA6D8C136B /* Pods */,
				5D6B43F0CB11A945DC87E2A4 /* Frameworks */,
			);
			sourceTree = "<group>";
		};
		B4DF0E8C2195906500966FDA /* Products */ = {
			isa = PBXGroup;
			children = (
				B4DF0E8B2195906500966FDA /* Catss-ios.app */,
			);
			name = Products;
			sourceTree = "<group>";
		};
		B4DF0E8D2195906500966FDA /* Catss-ios */ = {
			isa = PBXGroup;
			children = (
				B4A7D4B621A3463B005B6A77 /* App */,
				B4A7D4B521A3462A005B6A77 /* Common */,
				B42452C1219F715700820952 /* Helper */,
				B4A7D4B721A34651005B6A77 /* Network */,
				B4A7D4B821A34667005B6A77 /* Models */,
				B4A7D4E821A54E6A005B6A77 /* MainModule */,
				B4DF0E952195906500966FDA /* Catss_ios.xcdatamodeld */,
			);
			path = "Catss-ios";
			sourceTree = "<group>";
		};
/* End PBXGroup section */

/* Begin PBXNativeTarget section */
		B4DF0E8A2195906500966FDA /* Catss-ios */ = {
			isa = PBXNativeTarget;
			buildConfigurationList = B4DF0EB62195906B00966FDA /* Build configuration list for PBXNativeTarget "Catss-ios" */;
			buildPhases = (
				C1C5FD730FEE0511038F37B8 /* [CP] Check Pods Manifest.lock */,
				B4DF0E872195906500966FDA /* Sources */,
				B4DF0E882195906500966FDA /* Frameworks */,
				B4DF0E892195906500966FDA /* Resources */,
				E570B75BD5615091D9266E86 /* [CP] Embed Pods Frameworks */,
			);
			buildRules = (
			);
			dependencies = (
			);
			name = "Catss-ios";
			productName = "Catss-ios";
			productReference = B4DF0E8B2195906500966FDA /* Catss-ios.app */;
			productType = "com.apple.product-type.application";
		};
/* End PBXNativeTarget section */

/* Begin PBXProject section */
		B4DF0E832195906500966FDA /* Project object */ = {
			isa = PBXProject;
			attributes = {
				LastSwiftUpdateCheck = 1000;
				LastUpgradeCheck = 1000;
				ORGANIZATIONNAME = "Tejumola David";
				TargetAttributes = {
					B4DF0E8A2195906500966FDA = {
						CreatedOnToolsVersion = 10.0;
					};
				};
			};
			buildConfigurationList = B4DF0E862195906500966FDA /* Build configuration list for PBXProject "Catss-ios" */;
			compatibilityVersion = "Xcode 9.3";
			developmentRegion = en;
			hasScannedForEncodings = 0;
			knownRegions = (
				en,
				Base,
			);
			mainGroup = B4DF0E822195906500966FDA;
			productRefGroup = B4DF0E8C2195906500966FDA /* Products */;
			projectDirPath = "";
			projectRoot = "";
			targets = (
				B4DF0E8A2195906500966FDA /* Catss-ios */,
			);
		};
/* End PBXProject section */

/* Begin PBXResourcesBuildPhase section */
		B4DF0E892195906500966FDA /* Resources */ = {
			isa = PBXResourcesBuildPhase;
			buildActionMask = 2147483647;
			files = (
				B483BA2821B6D292004AF85C /* Dialog.storyboard in Resources */,
				B483BA2A21B6D2B2004AF85C /* Main.storyboard in Resources */,
				B4DF0E9C2195906B00966FDA /* LaunchScreen.storyboard in Resources */,
				B431FDDE21F8980300D7D5D7 /* AuthenticateView.xib in Resources */,
				B419634321EE201600FF6E39 /* MarketViewCell.xib in Resources */,
				B458987C21F5D2ED0081EAC6 /* SummaryView.xib in Resources */,
				B419634B21EF300900FF6E39 /* OpenOrderCell.xib in Resources */,
				B400867821C95F2100134DB9 /* NewsCell.xib in Resources */,
				B4DF0E992195906B00966FDA /* Assets.xcassets in Resources */,
				B4F44C9221CB8E83007C542F /* StockIndexCell.xib in Resources */,
				B4DF0E942195906500966FDA /* OnBoard.storyboard in Resources */,
				B458987A21F5D2CC0081EAC6 /* CardView.xib in Resources */,
			);
			runOnlyForDeploymentPostprocessing = 0;
		};
/* End PBXResourcesBuildPhase section */

/* Begin PBXShellScriptBuildPhase section */
		C1C5FD730FEE0511038F37B8 /* [CP] Check Pods Manifest.lock */ = {
			isa = PBXShellScriptBuildPhase;
			buildActionMask = 2147483647;
			files = (
			);
			inputFileListPaths = (
			);
			inputPaths = (
				"${PODS_PODFILE_DIR_PATH}/Podfile.lock",
				"${PODS_ROOT}/Manifest.lock",
			);
			name = "[CP] Check Pods Manifest.lock";
			outputFileListPaths = (
			);
			outputPaths = (
				"$(DERIVED_FILE_DIR)/Pods-Catss-ios-checkManifestLockResult.txt",
			);
			runOnlyForDeploymentPostprocessing = 0;
			shellPath = /bin/sh;
			shellScript = "diff \"${PODS_PODFILE_DIR_PATH}/Podfile.lock\" \"${PODS_ROOT}/Manifest.lock\" > /dev/null\nif [ $? != 0 ] ; then\n    # print error to STDERR\n    echo \"error: The sandbox is not in sync with the Podfile.lock. Run 'pod install' or update your CocoaPods installation.\" >&2\n    exit 1\nfi\n# This output is used by Xcode 'outputs' to avoid re-running this script phase.\necho \"SUCCESS\" > \"${SCRIPT_OUTPUT_FILE_0}\"\n";
			showEnvVarsInLog = 0;
		};
		E570B75BD5615091D9266E86 /* [CP] Embed Pods Frameworks */ = {
			isa = PBXShellScriptBuildPhase;
			buildActionMask = 2147483647;
			files = (
			);
			inputFileListPaths = (
			);
			inputPaths = (
				"${PODS_ROOT}/Target Support Files/Pods-Catss-ios/Pods-Catss-ios-frameworks.sh",
				"${BUILT_PRODUCTS_DIR}/Alamofire/Alamofire.framework",
				"${BUILT_PRODUCTS_DIR}/AlamofireImage/AlamofireImage.framework",
				"${BUILT_PRODUCTS_DIR}/CreditCardForm/CreditCardForm.framework",
				"${BUILT_PRODUCTS_DIR}/EGFormValidator/EGFormValidator.framework",
				"${BUILT_PRODUCTS_DIR}/IQKeyboardManagerSwift/IQKeyboardManagerSwift.framework",
				"${BUILT_PRODUCTS_DIR}/JGProgressHUD/JGProgressHUD.framework",
				"${BUILT_PRODUCTS_DIR}/KeychainAccess/KeychainAccess.framework",
				"${BUILT_PRODUCTS_DIR}/Kingfisher/Kingfisher.framework",
				"${BUILT_PRODUCTS_DIR}/MarqueeLabel/MarqueeLabel.framework",
				"${BUILT_PRODUCTS_DIR}/Moya/Moya.framework",
				"${BUILT_PRODUCTS_DIR}/NotificationBannerSwift/NotificationBannerSwift.framework",
				"${BUILT_PRODUCTS_DIR}/Paystack/Paystack.framework",
				"${BUILT_PRODUCTS_DIR}/Result/Result.framework",
				"${BUILT_PRODUCTS_DIR}/RxAtomic/RxAtomic.framework",
				"${BUILT_PRODUCTS_DIR}/RxCocoa/RxCocoa.framework",
				"${BUILT_PRODUCTS_DIR}/RxGesture/RxGesture.framework",
				"${BUILT_PRODUCTS_DIR}/RxOptional/RxOptional.framework",
				"${BUILT_PRODUCTS_DIR}/RxSwift/RxSwift.framework",
				"${BUILT_PRODUCTS_DIR}/SnapKit/SnapKit.framework",
				"${BUILT_PRODUCTS_DIR}/Stripe/Stripe.framework",
			);
			name = "[CP] Embed Pods Frameworks";
			outputFileListPaths = (
			);
			outputPaths = (
				"${TARGET_BUILD_DIR}/${FRAMEWORKS_FOLDER_PATH}/Alamofire.framework",
				"${TARGET_BUILD_DIR}/${FRAMEWORKS_FOLDER_PATH}/AlamofireImage.framework",
				"${TARGET_BUILD_DIR}/${FRAMEWORKS_FOLDER_PATH}/CreditCardForm.framework",
				"${TARGET_BUILD_DIR}/${FRAMEWORKS_FOLDER_PATH}/EGFormValidator.framework",
				"${TARGET_BUILD_DIR}/${FRAMEWORKS_FOLDER_PATH}/IQKeyboardManagerSwift.framework",
				"${TARGET_BUILD_DIR}/${FRAMEWORKS_FOLDER_PATH}/JGProgressHUD.framework",
				"${TARGET_BUILD_DIR}/${FRAMEWORKS_FOLDER_PATH}/KeychainAccess.framework",
				"${TARGET_BUILD_DIR}/${FRAMEWORKS_FOLDER_PATH}/Kingfisher.framework",
				"${TARGET_BUILD_DIR}/${FRAMEWORKS_FOLDER_PATH}/MarqueeLabel.framework",
				"${TARGET_BUILD_DIR}/${FRAMEWORKS_FOLDER_PATH}/Moya.framework",
				"${TARGET_BUILD_DIR}/${FRAMEWORKS_FOLDER_PATH}/NotificationBannerSwift.framework",
				"${TARGET_BUILD_DIR}/${FRAMEWORKS_FOLDER_PATH}/Paystack.framework",
				"${TARGET_BUILD_DIR}/${FRAMEWORKS_FOLDER_PATH}/Result.framework",
				"${TARGET_BUILD_DIR}/${FRAMEWORKS_FOLDER_PATH}/RxAtomic.framework",
				"${TARGET_BUILD_DIR}/${FRAMEWORKS_FOLDER_PATH}/RxCocoa.framework",
				"${TARGET_BUILD_DIR}/${FRAMEWORKS_FOLDER_PATH}/RxGesture.framework",
				"${TARGET_BUILD_DIR}/${FRAMEWORKS_FOLDER_PATH}/RxOptional.framework",
				"${TARGET_BUILD_DIR}/${FRAMEWORKS_FOLDER_PATH}/RxSwift.framework",
				"${TARGET_BUILD_DIR}/${FRAMEWORKS_FOLDER_PATH}/SnapKit.framework",
				"${TARGET_BUILD_DIR}/${FRAMEWORKS_FOLDER_PATH}/Stripe.framework",
			);
			runOnlyForDeploymentPostprocessing = 0;
			shellPath = /bin/sh;
			shellScript = "\"${PODS_ROOT}/Target Support Files/Pods-Catss-ios/Pods-Catss-ios-frameworks.sh\"\n";
			showEnvVarsInLog = 0;
		};
/* End PBXShellScriptBuildPhase section */

/* Begin PBXSourcesBuildPhase section */
		B4DF0E872195906500966FDA /* Sources */ = {
			isa = PBXSourcesBuildPhase;
			buildActionMask = 2147483647;
			files = (
				B479657621C2B30000EC1DF3 /* HomeViewModel.swift in Sources */,
				B4E3EB3D21E36BCE003C3014 /* MarketSecurity.swift in Sources */,
				B419634721EE3F3600FF6E39 /* OrderRequest.swift in Sources */,
				B483BA2621B6AF64004AF85C /* BottomTabController.swift in Sources */,
				B4E3EB4121E37911003C3014 /* MarketRequest.swift in Sources */,
				B4C4287121F0A1EB00CB551D /* AccountRequest.swift in Sources */,
				B4D5934D21ADF7C0006F166A /* OnBoardingViewModel.swift in Sources */,
				B458988621F757B40081EAC6 /* CashTextFieldDelegate.swift in Sources */,
				B458987E21F5D9C10081EAC6 /* PaystackPaymentLauncher.swift in Sources */,
				B4BFC9E821E8DC95009E9A08 /* BuySellDialogVC.swift in Sources */,
				B4CE427A21B5528A001E4B3D /* Profile.swift in Sources */,
				B4F44C9421CB96B8007C542F /* StockIndex.swift in Sources */,
				B479657E21C367E000EC1DF3 /* FinancialNews.swift in Sources */,
				B419634A21EF300900FF6E39 /* OpenOrderVC.swift in Sources */,
				B4D316A621E8AD5B00D9CDBF /* SetPriceAlertVC.swift in Sources */,
				B479657C21C367CB00EC1DF3 /* Ranking.swift in Sources */,
				B44AF9BD22005E2F005D1EF9 /* TransHistoryVC.swift in Sources */,
				B4DF0E912195906500966FDA /* LoginViewController.swift in Sources */,
				B458988321F5DC2A0081EAC6 /* SummaryView.swift in Sources */,
				B4C99BF021A713240041F48D /* SignUpViewController.swift in Sources */,
				B479657A21C362A800EC1DF3 /* HomeRequest.swift in Sources */,
				B4AD17ED21CD057600DA4B40 /* StockRecord.swift in Sources */,
				B479657321C2B2BF00EC1DF3 /* HomeViewController.swift in Sources */,
				B4DF0E972195906500966FDA /* Catss_ios.xcdatamodeld in Sources */,
				B4DF0E8F2195906500966FDA /* AppDelegate.swift in Sources */,
				B419634D21EF35F100FF6E39 /* OpenOrderCell.swift in Sources */,
				B4AD17EF21CD346900DA4B40 /* StockCell.swift in Sources */,
				B419633421EDE94800FF6E39 /* PickSecurityVC.swift in Sources */,
				B42452C3219F719300820952 /* Constants.swift in Sources */,
				B4E51BFF21A5C6C5000AE67B /* BorderTextField.swift in Sources */,
				B456E72B21B9747F00D06356 /* StockViewController.swift in Sources */,
				B44AF9BF220064EB005D1EF9 /* TransactionLog.swift in Sources */,
				B4E51C0121A5D00C000AE67B /* BorderButton.swift in Sources */,
				B4BFC9EA21E8E88A009E9A08 /* MarketViewController+alertControllers.swift in Sources */,
				B4E3EB3F21E377FF003C3014 /* MarketViewModel.swift in Sources */,
				B431FDDC21F897D000D7D5D7 /* AuthenticateView.swift in Sources */,
				B46A731521C7EF520088D2D0 /* MarketViewController.swift in Sources */,
				B4CE427821B543BF001E4B3D /* AuthResponse.swift in Sources */,
				B456E72721B9743B00D06356 /* AccountViewController.swift in Sources */,
				B4C4286B21F09B2300CB551D /* SupportVC.swift in Sources */,
				B4C4286921F09B0400CB551D /* SecurityVC.swift in Sources */,
				B4CE427C21B5CCDD001E4B3D /* UserKeychainAccess.swift in Sources */,
				B4D5934F21AEFF4C006F166A /* UserRequest.swift in Sources */,
				B4AD17F121CD4F5000DA4B40 /* MarketViewCell.swift in Sources */,
				B4F44C9121CB8E83007C542F /* StockIndexCell.swift in Sources */,
				B490AE7221A8404800A23AFD /* Extension.swift in Sources */,
				B4C4286D21F09B6400CB551D /* SettingsVC.swift in Sources */,
				B419634F21EF3A5B00FF6E39 /* AllOrder.swift in Sources */,
				B4781B4F21FF0EAF00891458 /* CustomBannerColors.swift in Sources */,
				B4C4287321F0AD4B00CB551D /* AccountViewModel.swift in Sources */,
				B458988021F5DBF80081EAC6 /* CardView.swift in Sources */,
				B458988A21F782440081EAC6 /* CardNumberTextFieldDelegate.swift in Sources */,
				B479657821C2B41D00EC1DF3 /* RankingCell.swift in Sources */,
				B456E72921B9745A00D06356 /* OrderViewController.swift in Sources */,
				B419634521EE3E2300FF6E39 /* OrderViewModel.swift in Sources */,
				B458988821F75CE10081EAC6 /* ExpiryDateTextDelegate.swift in Sources */,
				B400867221C951CF00134DB9 /* NewsCell.swift in Sources */,
				B4AD17E921CD005500DA4B40 /* StockViewModel.swift in Sources */,
			);
			runOnlyForDeploymentPostprocessing = 0;
		};
/* End PBXSourcesBuildPhase section */

/* Begin PBXVariantGroup section */
		B4DF0E922195906500966FDA /* OnBoard.storyboard */ = {
			isa = PBXVariantGroup;
			children = (
				B4DF0E932195906500966FDA /* Base */,
			);
			name = OnBoard.storyboard;
			sourceTree = "<group>";
		};
		B4DF0E9A2195906B00966FDA /* LaunchScreen.storyboard */ = {
			isa = PBXVariantGroup;
			children = (
				B4DF0E9B2195906B00966FDA /* Base */,
			);
			name = LaunchScreen.storyboard;
			sourceTree = "<group>";
		};
/* End PBXVariantGroup section */

/* Begin XCBuildConfiguration section */
		B4DF0EB42195906B00966FDA /* Debug */ = {
			isa = XCBuildConfiguration;
			buildSettings = {
				ALWAYS_SEARCH_USER_PATHS = NO;
				CLANG_ANALYZER_NONNULL = YES;
				CLANG_ANALYZER_NUMBER_OBJECT_CONVERSION = YES_AGGRESSIVE;
				CLANG_CXX_LANGUAGE_STANDARD = "gnu++14";
				CLANG_CXX_LIBRARY = "libc++";
				CLANG_ENABLE_MODULES = YES;
				CLANG_ENABLE_OBJC_ARC = YES;
				CLANG_ENABLE_OBJC_WEAK = YES;
				CLANG_WARN_BLOCK_CAPTURE_AUTORELEASING = YES;
				CLANG_WARN_BOOL_CONVERSION = YES;
				CLANG_WARN_COMMA = YES;
				CLANG_WARN_CONSTANT_CONVERSION = YES;
				CLANG_WARN_DEPRECATED_OBJC_IMPLEMENTATIONS = YES;
				CLANG_WARN_DIRECT_OBJC_ISA_USAGE = YES_ERROR;
				CLANG_WARN_DOCUMENTATION_COMMENTS = YES;
				CLANG_WARN_EMPTY_BODY = YES;
				CLANG_WARN_ENUM_CONVERSION = YES;
				CLANG_WARN_INFINITE_RECURSION = YES;
				CLANG_WARN_INT_CONVERSION = YES;
				CLANG_WARN_NON_LITERAL_NULL_CONVERSION = YES;
				CLANG_WARN_OBJC_IMPLICIT_RETAIN_SELF = YES;
				CLANG_WARN_OBJC_LITERAL_CONVERSION = YES;
				CLANG_WARN_OBJC_ROOT_CLASS = YES_ERROR;
				CLANG_WARN_RANGE_LOOP_ANALYSIS = YES;
				CLANG_WARN_STRICT_PROTOTYPES = YES;
				CLANG_WARN_SUSPICIOUS_MOVE = YES;
				CLANG_WARN_UNGUARDED_AVAILABILITY = YES_AGGRESSIVE;
				CLANG_WARN_UNREACHABLE_CODE = YES;
				CLANG_WARN__DUPLICATE_METHOD_MATCH = YES;
				CODE_SIGN_IDENTITY = "iPhone Developer";
				COPY_PHASE_STRIP = NO;
				DEBUG_INFORMATION_FORMAT = dwarf;
				ENABLE_STRICT_OBJC_MSGSEND = YES;
				ENABLE_TESTABILITY = YES;
				GCC_C_LANGUAGE_STANDARD = gnu11;
				GCC_DYNAMIC_NO_PIC = NO;
				GCC_NO_COMMON_BLOCKS = YES;
				GCC_OPTIMIZATION_LEVEL = 0;
				GCC_PREPROCESSOR_DEFINITIONS = (
					"DEBUG=1",
					"$(inherited)",
				);
				GCC_WARN_64_TO_32_BIT_CONVERSION = YES;
				GCC_WARN_ABOUT_RETURN_TYPE = YES_ERROR;
				GCC_WARN_UNDECLARED_SELECTOR = YES;
				GCC_WARN_UNINITIALIZED_AUTOS = YES_AGGRESSIVE;
				GCC_WARN_UNUSED_FUNCTION = YES;
				GCC_WARN_UNUSED_VARIABLE = YES;
				IPHONEOS_DEPLOYMENT_TARGET = 12.0;
				MTL_ENABLE_DEBUG_INFO = INCLUDE_SOURCE;
				MTL_FAST_MATH = YES;
				ONLY_ACTIVE_ARCH = YES;
				SDKROOT = iphoneos;
				SWIFT_ACTIVE_COMPILATION_CONDITIONS = DEBUG;
				SWIFT_OPTIMIZATION_LEVEL = "-Onone";
			};
			name = Debug;
		};
		B4DF0EB52195906B00966FDA /* Release */ = {
			isa = XCBuildConfiguration;
			buildSettings = {
				ALWAYS_SEARCH_USER_PATHS = NO;
				CLANG_ANALYZER_NONNULL = YES;
				CLANG_ANALYZER_NUMBER_OBJECT_CONVERSION = YES_AGGRESSIVE;
				CLANG_CXX_LANGUAGE_STANDARD = "gnu++14";
				CLANG_CXX_LIBRARY = "libc++";
				CLANG_ENABLE_MODULES = YES;
				CLANG_ENABLE_OBJC_ARC = YES;
				CLANG_ENABLE_OBJC_WEAK = YES;
				CLANG_WARN_BLOCK_CAPTURE_AUTORELEASING = YES;
				CLANG_WARN_BOOL_CONVERSION = YES;
				CLANG_WARN_COMMA = YES;
				CLANG_WARN_CONSTANT_CONVERSION = YES;
				CLANG_WARN_DEPRECATED_OBJC_IMPLEMENTATIONS = YES;
				CLANG_WARN_DIRECT_OBJC_ISA_USAGE = YES_ERROR;
				CLANG_WARN_DOCUMENTATION_COMMENTS = YES;
				CLANG_WARN_EMPTY_BODY = YES;
				CLANG_WARN_ENUM_CONVERSION = YES;
				CLANG_WARN_INFINITE_RECURSION = YES;
				CLANG_WARN_INT_CONVERSION = YES;
				CLANG_WARN_NON_LITERAL_NULL_CONVERSION = YES;
				CLANG_WARN_OBJC_IMPLICIT_RETAIN_SELF = YES;
				CLANG_WARN_OBJC_LITERAL_CONVERSION = YES;
				CLANG_WARN_OBJC_ROOT_CLASS = YES_ERROR;
				CLANG_WARN_RANGE_LOOP_ANALYSIS = YES;
				CLANG_WARN_STRICT_PROTOTYPES = YES;
				CLANG_WARN_SUSPICIOUS_MOVE = YES;
				CLANG_WARN_UNGUARDED_AVAILABILITY = YES_AGGRESSIVE;
				CLANG_WARN_UNREACHABLE_CODE = YES;
				CLANG_WARN__DUPLICATE_METHOD_MATCH = YES;
				CODE_SIGN_IDENTITY = "iPhone Developer";
				COPY_PHASE_STRIP = NO;
				DEBUG_INFORMATION_FORMAT = "dwarf-with-dsym";
				ENABLE_NS_ASSERTIONS = NO;
				ENABLE_STRICT_OBJC_MSGSEND = YES;
				GCC_C_LANGUAGE_STANDARD = gnu11;
				GCC_NO_COMMON_BLOCKS = YES;
				GCC_WARN_64_TO_32_BIT_CONVERSION = YES;
				GCC_WARN_ABOUT_RETURN_TYPE = YES_ERROR;
				GCC_WARN_UNDECLARED_SELECTOR = YES;
				GCC_WARN_UNINITIALIZED_AUTOS = YES_AGGRESSIVE;
				GCC_WARN_UNUSED_FUNCTION = YES;
				GCC_WARN_UNUSED_VARIABLE = YES;
				IPHONEOS_DEPLOYMENT_TARGET = 12.0;
				MTL_ENABLE_DEBUG_INFO = NO;
				MTL_FAST_MATH = YES;
				SDKROOT = iphoneos;
				SWIFT_COMPILATION_MODE = wholemodule;
				SWIFT_OPTIMIZATION_LEVEL = "-O";
				VALIDATE_PRODUCT = YES;
			};
			name = Release;
		};
		B4DF0EB72195906B00966FDA /* Debug */ = {
			isa = XCBuildConfiguration;
			baseConfigurationReference = 4685A00B23F86A1BEE8E6971 /* Pods-Catss-ios.debug.xcconfig */;
			buildSettings = {
				ASSETCATALOG_COMPILER_APPICON_NAME = AppIcon;
				CODE_SIGN_STYLE = Automatic;
				DEVELOPMENT_TEAM = 4D76457L5H;
				INFOPLIST_FILE = "$(SRCROOT)/Catss-ios/Common/Info.plist";
				IPHONEOS_DEPLOYMENT_TARGET = 11.4;
				LD_RUNPATH_SEARCH_PATHS = (
					"$(inherited)",
					"@executable_path/Frameworks",
				);
				PRODUCT_BUNDLE_IDENTIFIER = "com.cavidel.Catss-ios";
				PRODUCT_NAME = "$(TARGET_NAME)";
				SWIFT_VERSION = 4.2;
				TARGETED_DEVICE_FAMILY = "1,2";
			};
			name = Debug;
		};
		B4DF0EB82195906B00966FDA /* Release */ = {
			isa = XCBuildConfiguration;
			baseConfigurationReference = 42F663F37C8076AFCDEE34E5 /* Pods-Catss-ios.release.xcconfig */;
			buildSettings = {
				ASSETCATALOG_COMPILER_APPICON_NAME = AppIcon;
				CODE_SIGN_STYLE = Automatic;
				DEVELOPMENT_TEAM = 4D76457L5H;
				INFOPLIST_FILE = "$(SRCROOT)/Catss-ios/Common/Info.plist";
				IPHONEOS_DEPLOYMENT_TARGET = 11.4;
				LD_RUNPATH_SEARCH_PATHS = (
					"$(inherited)",
					"@executable_path/Frameworks",
				);
				PRODUCT_BUNDLE_IDENTIFIER = "com.cavidel.Catss-ios";
				PRODUCT_NAME = "$(TARGET_NAME)";
				SWIFT_VERSION = 4.2;
				TARGETED_DEVICE_FAMILY = "1,2";
			};
			name = Release;
		};
/* End XCBuildConfiguration section */

/* Begin XCConfigurationList section */
		B4DF0E862195906500966FDA /* Build configuration list for PBXProject "Catss-ios" */ = {
			isa = XCConfigurationList;
			buildConfigurations = (
				B4DF0EB42195906B00966FDA /* Debug */,
				B4DF0EB52195906B00966FDA /* Release */,
			);
			defaultConfigurationIsVisible = 0;
			defaultConfigurationName = Release;
		};
		B4DF0EB62195906B00966FDA /* Build configuration list for PBXNativeTarget "Catss-ios" */ = {
			isa = XCConfigurationList;
			buildConfigurations = (
				B4DF0EB72195906B00966FDA /* Debug */,
				B4DF0EB82195906B00966FDA /* Release */,
			);
			defaultConfigurationIsVisible = 0;
			defaultConfigurationName = Release;
		};
/* End XCConfigurationList section */

/* Begin XCVersionGroup section */
		B4DF0E952195906500966FDA /* Catss_ios.xcdatamodeld */ = {
			isa = XCVersionGroup;
			children = (
				B4DF0E962195906500966FDA /* Catss_ios.xcdatamodel */,
			);
			currentVersion = B4DF0E962195906500966FDA /* Catss_ios.xcdatamodel */;
			path = Catss_ios.xcdatamodeld;
			sourceTree = "<group>";
			versionGroupType = wrapper.xcdatamodel;
		};
/* End XCVersionGroup section */
	};
	rootObject = B4DF0E832195906500966FDA /* Project object */;
}
